{
  "version": 4,
  "terraform_version": "1.8.5",
  "serial": 552,
  "lineage": "062a1dd3-4aa7-5277-1155-a6c7aba9f865",
  "outputs": {},
  "resources": [
    {
      "mode": "data",
      "type": "azurerm_resource_group",
      "name": "rg",
      "provider": "provider[\"registry.terraform.io/hashicorp/azurerm\"]",
      "instances": [
        {
          "schema_version": 0,
          "attributes": {
            "id": "/subscriptions/6b1cd2e6-d8e6-49ca-a30e-6fadad07a1c4/resourceGroups/customRG",
            "location": "northeurope",
            "managed_by": "",
            "name": "customRG",
            "tags": {},
            "timeouts": null
          },
          "sensitive_attributes": []
        }
      ]
    },
    {
      "module": "module.app_gateway",
      "mode": "managed",
      "type": "azurerm_application_gateway",
      "name": "network",
      "provider": "provider[\"registry.terraform.io/hashicorp/azurerm\"]",
      "instances": [
        {
          "schema_version": 0,
          "attributes": {
            "authentication_certificate": [],
            "autoscale_configuration": [],
            "backend_address_pool": [
              {
                "fqdns": [
                  "webapp-frontend-service.azurewebsites.net"
                ],
                "id": "/subscriptions/6b1cd2e6-d8e6-49ca-a30e-6fadad07a1c4/resourceGroups/customRG/providers/Microsoft.Network/applicationGateways/gateway/backendAddressPools/backend-pool",
                "ip_addresses": [],
                "name": "backend-pool"
              }
            ],
            "backend_http_settings": [
              {
                "affinity_cookie_name": "",
                "authentication_certificate": [],
                "connection_draining": [],
                "cookie_based_affinity": "Disabled",
                "host_name": "",
                "id": "/subscriptions/6b1cd2e6-d8e6-49ca-a30e-6fadad07a1c4/resourceGroups/customRG/providers/Microsoft.Network/applicationGateways/gateway/backendHttpSettingsCollection/myCustomSetting",
                "name": "myCustomSetting",
                "path": "",
                "pick_host_name_from_backend_address": true,
                "port": 80,
                "probe_id": "",
                "probe_name": "",
                "protocol": "Http",
                "request_timeout": 60,
                "trusted_root_certificate_names": []
              }
            ],
            "custom_error_configuration": [],
            "enable_http2": false,
            "fips_enabled": false,
            "firewall_policy_id": "",
            "force_firewall_policy_association": false,
            "frontend_ip_configuration": [
              {
                "id": "/subscriptions/6b1cd2e6-d8e6-49ca-a30e-6fadad07a1c4/resourceGroups/customRG/providers/Microsoft.Network/applicationGateways/gateway/frontendIPConfigurations/frontend_ip",
                "name": "frontend_ip",
                "private_ip_address": "",
                "private_ip_address_allocation": "Dynamic",
                "private_link_configuration_id": "",
                "private_link_configuration_name": "",
                "public_ip_address_id": "/subscriptions/6b1cd2e6-d8e6-49ca-a30e-6fadad07a1c4/resourceGroups/customRG/providers/Microsoft.Network/publicIPAddresses/public-ip",
                "subnet_id": ""
              }
            ],
            "frontend_port": [
              {
                "id": "/subscriptions/6b1cd2e6-d8e6-49ca-a30e-6fadad07a1c4/resourceGroups/customRG/providers/Microsoft.Network/applicationGateways/gateway/frontendPorts/port",
                "name": "port",
                "port": 80
              }
            ],
            "gateway_ip_configuration": [
              {
                "id": "/subscriptions/6b1cd2e6-d8e6-49ca-a30e-6fadad07a1c4/resourceGroups/customRG/providers/Microsoft.Network/applicationGateways/gateway/gatewayIPConfigurations/my-gateway-ip-configuration",
                "name": "my-gateway-ip-configuration",
                "subnet_id": "/subscriptions/6b1cd2e6-d8e6-49ca-a30e-6fadad07a1c4/resourceGroups/customRG/providers/Microsoft.Network/virtualNetworks/customVNet/subnets/gateway_subnet"
              }
            ],
            "global": [],
            "http_listener": [
              {
                "custom_error_configuration": [],
                "firewall_policy_id": "",
                "frontend_ip_configuration_id": "/subscriptions/6b1cd2e6-d8e6-49ca-a30e-6fadad07a1c4/resourceGroups/customRG/providers/Microsoft.Network/applicationGateways/gateway/frontendIPConfigurations/frontend_ip",
                "frontend_ip_configuration_name": "frontend_ip",
                "frontend_port_id": "/subscriptions/6b1cd2e6-d8e6-49ca-a30e-6fadad07a1c4/resourceGroups/customRG/providers/Microsoft.Network/applicationGateways/gateway/frontendPorts/port",
                "frontend_port_name": "port",
                "host_name": "",
                "host_names": [],
                "id": "/subscriptions/6b1cd2e6-d8e6-49ca-a30e-6fadad07a1c4/resourceGroups/customRG/providers/Microsoft.Network/applicationGateways/gateway/httpListeners/customListener",
                "name": "customListener",
                "protocol": "Http",
                "require_sni": false,
                "ssl_certificate_id": "",
                "ssl_certificate_name": "",
                "ssl_profile_id": "",
                "ssl_profile_name": ""
              }
            ],
            "id": "/subscriptions/6b1cd2e6-d8e6-49ca-a30e-6fadad07a1c4/resourceGroups/customRG/providers/Microsoft.Network/applicationGateways/gateway",
            "identity": [],
            "location": "northeurope",
            "name": "gateway",
            "private_endpoint_connection": [],
            "private_link_configuration": [],
            "probe": [],
            "redirect_configuration": [],
            "request_routing_rule": [
              {
                "backend_address_pool_id": "/subscriptions/6b1cd2e6-d8e6-49ca-a30e-6fadad07a1c4/resourceGroups/customRG/providers/Microsoft.Network/applicationGateways/gateway/backendAddressPools/backend-pool",
                "backend_address_pool_name": "backend-pool",
                "backend_http_settings_id": "/subscriptions/6b1cd2e6-d8e6-49ca-a30e-6fadad07a1c4/resourceGroups/customRG/providers/Microsoft.Network/applicationGateways/gateway/backendHttpSettingsCollection/myCustomSetting",
                "backend_http_settings_name": "myCustomSetting",
                "http_listener_id": "/subscriptions/6b1cd2e6-d8e6-49ca-a30e-6fadad07a1c4/resourceGroups/customRG/providers/Microsoft.Network/applicationGateways/gateway/httpListeners/customListener",
                "http_listener_name": "customListener",
                "id": "/subscriptions/6b1cd2e6-d8e6-49ca-a30e-6fadad07a1c4/resourceGroups/customRG/providers/Microsoft.Network/applicationGateways/gateway/requestRoutingRules/customRule",
                "name": "customRule",
                "priority": 9,
                "redirect_configuration_id": "",
                "redirect_configuration_name": "",
                "rewrite_rule_set_id": "",
                "rewrite_rule_set_name": "",
                "rule_type": "Basic",
                "url_path_map_id": "",
                "url_path_map_name": ""
              }
            ],
            "resource_group_name": "customRG",
            "rewrite_rule_set": [],
            "sku": [
              {
                "capacity": 2,
                "name": "Standard_v2",
                "tier": "Standard_v2"
              }
            ],
            "ssl_certificate": [],
            "ssl_policy": [
              {
                "cipher_suites": [],
                "disabled_protocols": [],
                "min_protocol_version": "",
                "policy_name": "AppGwSslPolicy20150501",
                "policy_type": "Predefined"
              }
            ],
            "ssl_profile": [],
            "tags": {},
            "timeouts": null,
            "trusted_client_certificate": [],
            "trusted_root_certificate": [],
            "url_path_map": [],
            "waf_configuration": [],
            "zones": []
          },
          "sensitive_attributes": [],
          "private": "eyJlMmJmYjczMC1lY2FhLTExZTYtOGY4OC0zNDM2M2JjN2M0YzAiOnsiY3JlYXRlIjo1NDAwMDAwMDAwMDAwLCJkZWxldGUiOjU0MDAwMDAwMDAwMDAsInJlYWQiOjMwMDAwMDAwMDAwMCwidXBkYXRlIjo1NDAwMDAwMDAwMDAwfX0=",
          "dependencies": [
            "data.azurerm_resource_group.rg",
            "module.app_gateway.azurerm_public_ip.gateway_ip",
            "module.app_service.azurerm_windows_web_app.frontend",
            "module.app_service.data.azurerm_service_plan.existing",
            "module.virtual_network.azurerm_subnet.app_gateway",
            "module.virtual_network.azurerm_virtual_network.customVNet"
          ]
        }
      ]
    },
    {
      "module": "module.app_gateway",
      "mode": "managed",
      "type": "azurerm_public_ip",
      "name": "gateway_ip",
      "provider": "provider[\"registry.terraform.io/hashicorp/azurerm\"]",
      "instances": [
        {
          "schema_version": 0,
          "attributes": {
            "allocation_method": "Static",
            "ddos_protection_mode": "VirtualNetworkInherited",
            "ddos_protection_plan_id": null,
            "domain_name_label": null,
            "edge_zone": "",
            "fqdn": null,
            "id": "/subscriptions/6b1cd2e6-d8e6-49ca-a30e-6fadad07a1c4/resourceGroups/customRG/providers/Microsoft.Network/publicIPAddresses/public-ip",
            "idle_timeout_in_minutes": 4,
            "ip_address": "40.69.203.148",
            "ip_tags": {},
            "ip_version": "IPv4",
            "location": "northeurope",
            "name": "public-ip",
            "public_ip_prefix_id": null,
            "resource_group_name": "customRG",
            "reverse_fqdn": null,
            "sku": "Standard",
            "sku_tier": "Regional",
            "tags": {},
            "timeouts": null,
            "zones": []
          },
          "sensitive_attributes": [],
          "private": "eyJlMmJmYjczMC1lY2FhLTExZTYtOGY4OC0zNDM2M2JjN2M0YzAiOnsiY3JlYXRlIjoxODAwMDAwMDAwMDAwLCJkZWxldGUiOjE4MDAwMDAwMDAwMDAsInJlYWQiOjMwMDAwMDAwMDAwMCwidXBkYXRlIjoxODAwMDAwMDAwMDAwfX0=",
          "dependencies": [
            "data.azurerm_resource_group.rg"
          ]
        }
      ]
    },
    {
      "module": "module.app_service",
      "mode": "data",
      "type": "azurerm_service_plan",
      "name": "existing",
      "provider": "provider[\"registry.terraform.io/hashicorp/azurerm\"]",
      "instances": [
        {
          "schema_version": 0,
          "attributes": {
            "app_service_environment_id": "",
            "id": "/subscriptions/6b1cd2e6-d8e6-49ca-a30e-6fadad07a1c4/resourceGroups/customRG/providers/Microsoft.Web/serverFarms/webapp-plan-svc",
            "kind": "app",
            "location": "northeurope",
            "maximum_elastic_worker_count": 1,
            "name": "webapp-plan-svc",
            "os_type": "Windows",
            "per_site_scaling_enabled": false,
            "reserved": false,
            "resource_group_name": "customRG",
            "sku_name": "F1",
            "tags": {},
            "timeouts": null,
            "worker_count": 0,
            "zone_balancing_enabled": false
          },
          "sensitive_attributes": []
        }
      ]
    },
    {
      "module": "module.app_service",
      "mode": "managed",
      "type": "azurerm_windows_web_app",
      "name": "backend",
      "provider": "provider[\"registry.terraform.io/hashicorp/azurerm\"]",
      "instances": [
        {
          "schema_version": 1,
          "attributes": {
            "app_settings": {},
            "auth_settings": [],
            "auth_settings_v2": [],
            "backup": [],
            "client_affinity_enabled": false,
            "client_certificate_enabled": false,
            "client_certificate_exclusion_paths": "",
            "client_certificate_mode": "Required",
            "connection_string": [],
            "custom_domain_verification_id": "AD5F4C3B5F286266A7152F958308260C222E3CF0DEFE4789E9C11B6EC31FE577",
            "default_hostname": "webapp-backend-service.azurewebsites.net",
            "enabled": true,
            "ftp_publish_basic_authentication_enabled": true,
            "hosting_environment_id": "",
            "https_only": false,
            "id": "/subscriptions/6b1cd2e6-d8e6-49ca-a30e-6fadad07a1c4/resourceGroups/customRG/providers/Microsoft.Web/sites/webapp-backend-service",
            "identity": [],
            "key_vault_reference_identity_id": "SystemAssigned",
            "kind": "app",
            "location": "northeurope",
            "logs": [],
            "name": "webapp-backend-service",
            "outbound_ip_address_list": [
              "20.82.254.214",
              "20.82.254.221",
              "20.82.254.235",
              "20.82.254.240",
              "20.82.254.248",
              "20.82.253.47",
              "20.50.64.27"
            ],
            "outbound_ip_addresses": "20.82.254.214,20.82.254.221,20.82.254.235,20.82.254.240,20.82.254.248,20.82.253.47,20.50.64.27",
            "possible_outbound_ip_address_list": [
              "20.82.254.214",
              "20.82.254.221",
              "20.82.254.235",
              "20.82.254.240",
              "20.82.254.248",
              "20.82.253.47",
              "20.82.255.14",
              "20.82.255.18",
              "20.82.255.22",
              "20.82.255.26",
              "20.82.254.161",
              "20.82.255.47",
              "20.82.255.51",
              "20.82.255.56",
              "20.82.255.101",
              "20.82.255.129",
              "20.82.255.139",
              "20.82.255.167",
              "20.82.255.171",
              "20.82.254.30",
              "20.82.255.159",
              "20.82.255.191",
              "20.82.254.162",
              "20.82.254.156",
              "20.82.254.69",
              "20.82.255.211",
              "20.82.255.231",
              "20.82.255.238",
              "20.82.255.249",
              "20.82.255.255",
              "20.50.64.27"
            ],
            "possible_outbound_ip_addresses": "20.82.254.214,20.82.254.221,20.82.254.235,20.82.254.240,20.82.254.248,20.82.253.47,20.82.255.14,20.82.255.18,20.82.255.22,20.82.255.26,20.82.254.161,20.82.255.47,20.82.255.51,20.82.255.56,20.82.255.101,20.82.255.129,20.82.255.139,20.82.255.167,20.82.255.171,20.82.254.30,20.82.255.159,20.82.255.191,20.82.254.162,20.82.254.156,20.82.254.69,20.82.255.211,20.82.255.231,20.82.255.238,20.82.255.249,20.82.255.255,20.50.64.27",
            "public_network_access_enabled": true,
            "resource_group_name": "customRG",
            "service_plan_id": "/subscriptions/6b1cd2e6-d8e6-49ca-a30e-6fadad07a1c4/resourceGroups/customRG/providers/Microsoft.Web/serverFarms/webapp-plan-svc",
            "site_config": [
              {
                "always_on": false,
                "api_definition_url": "",
                "api_management_api_id": "",
                "app_command_line": "",
                "application_stack": [
                  {
                    "current_stack": "dotnet",
                    "docker_container_name": "",
                    "docker_container_registry": "",
                    "docker_container_tag": "",
                    "docker_image_name": "",
                    "docker_registry_password": "",
                    "docker_registry_url": "",
                    "docker_registry_username": "",
                    "dotnet_core_version": "",
                    "dotnet_version": "v5.0",
                    "java_container": "",
                    "java_container_version": "",
                    "java_embedded_server_enabled": false,
                    "java_version": "",
                    "node_version": "",
                    "php_version": "5.6",
                    "python": false,
                    "python_version": "",
                    "tomcat_version": ""
                  }
                ],
                "auto_heal_enabled": false,
                "auto_heal_setting": [],
                "container_registry_managed_identity_client_id": "",
                "container_registry_use_managed_identity": false,
                "cors": [],
                "default_documents": [
                  "Default.htm",
                  "Default.html",
                  "Default.asp",
                  "index.htm",
                  "index.html",
                  "iisstart.htm",
                  "default.aspx",
                  "index.php",
                  "hostingstart.html"
                ],
                "detailed_error_logging_enabled": false,
                "ftps_state": "Disabled",
                "handler_mapping": [],
                "health_check_eviction_time_in_min": 0,
                "health_check_path": "",
                "http2_enabled": false,
                "ip_restriction": [],
                "ip_restriction_default_action": "Deny",
                "linux_fx_version": "",
                "load_balancing_mode": "LeastRequests",
                "local_mysql_enabled": false,
                "managed_pipeline_mode": "Integrated",
                "minimum_tls_version": "1.2",
                "remote_debugging_enabled": false,
                "remote_debugging_version": "VS2022",
                "scm_ip_restriction": [],
                "scm_ip_restriction_default_action": "Allow",
                "scm_minimum_tls_version": "1.2",
                "scm_type": "None",
                "scm_use_main_ip_restriction": false,
                "use_32_bit_worker": true,
                "virtual_application": [],
                "vnet_route_all_enabled": false,
                "websockets_enabled": false,
                "windows_fx_version": "",
                "worker_count": 1
              }
            ],
            "site_credential": [
              {
                "name": "$webapp-backend-service",
                "password": "DKzqrWvH3ofX7g5Bwt8SZLJjdsfQGuRRNSigvMQa1JzqCcpgHqHhLFEcFFHJ"
              }
            ],
            "sticky_settings": [],
            "storage_account": [],
            "tags": {},
            "timeouts": null,
            "virtual_network_subnet_id": "",
            "webdeploy_publish_basic_authentication_enabled": true,
            "zip_deploy_file": ""
          },
          "sensitive_attributes": [
            [
              {
                "type": "get_attr",
                "value": "site_credential"
              }
            ],
            [
              {
                "type": "get_attr",
                "value": "custom_domain_verification_id"
              }
            ],
            [
              {
                "type": "get_attr",
                "value": "site_config"
              },
              {
                "type": "index",
                "value": {
                  "value": 0,
                  "type": "number"
                }
              },
              {
                "type": "get_attr",
                "value": "application_stack"
              },
              {
                "type": "index",
                "value": {
                  "value": 0,
                  "type": "number"
                }
              },
              {
                "type": "get_attr",
                "value": "docker_registry_password"
              }
            ]
          ],
          "private": "eyJlMmJmYjczMC1lY2FhLTExZTYtOGY4OC0zNDM2M2JjN2M0YzAiOnsiY3JlYXRlIjoxODAwMDAwMDAwMDAwLCJkZWxldGUiOjE4MDAwMDAwMDAwMDAsInJlYWQiOjMwMDAwMDAwMDAwMCwidXBkYXRlIjoxODAwMDAwMDAwMDAwfSwic2NoZW1hX3ZlcnNpb24iOiIxIn0=",
          "dependencies": [
            "data.azurerm_resource_group.rg",
            "module.app_service.data.azurerm_service_plan.existing"
          ]
        }
      ]
    },
    {
      "module": "module.app_service",
      "mode": "managed",
      "type": "azurerm_windows_web_app",
      "name": "frontend",
      "provider": "provider[\"registry.terraform.io/hashicorp/azurerm\"]",
      "instances": [
        {
          "schema_version": 1,
          "attributes": {
            "app_settings": {},
            "auth_settings": [],
            "auth_settings_v2": [],
            "backup": [],
            "client_affinity_enabled": false,
            "client_certificate_enabled": false,
            "client_certificate_exclusion_paths": "",
            "client_certificate_mode": "Required",
            "connection_string": [],
            "custom_domain_verification_id": "AD5F4C3B5F286266A7152F958308260C222E3CF0DEFE4789E9C11B6EC31FE577",
            "default_hostname": "webapp-frontend-service.azurewebsites.net",
            "enabled": true,
            "ftp_publish_basic_authentication_enabled": true,
            "hosting_environment_id": "",
            "https_only": false,
            "id": "/subscriptions/6b1cd2e6-d8e6-49ca-a30e-6fadad07a1c4/resourceGroups/customRG/providers/Microsoft.Web/sites/webapp-frontend-service",
            "identity": [],
            "key_vault_reference_identity_id": "SystemAssigned",
            "kind": "app",
            "location": "northeurope",
            "logs": [],
            "name": "webapp-frontend-service",
            "outbound_ip_address_list": [
              "20.82.254.214",
              "20.82.254.221",
              "20.82.254.235",
              "20.82.254.240",
              "20.82.254.248",
              "20.82.253.47",
              "20.50.64.27"
            ],
            "outbound_ip_addresses": "20.82.254.214,20.82.254.221,20.82.254.235,20.82.254.240,20.82.254.248,20.82.253.47,20.50.64.27",
            "possible_outbound_ip_address_list": [
              "20.82.254.214",
              "20.82.254.221",
              "20.82.254.235",
              "20.82.254.240",
              "20.82.254.248",
              "20.82.253.47",
              "20.82.255.14",
              "20.82.255.18",
              "20.82.255.22",
              "20.82.255.26",
              "20.82.254.161",
              "20.82.255.47",
              "20.82.255.51",
              "20.82.255.56",
              "20.82.255.101",
              "20.82.255.129",
              "20.82.255.139",
              "20.82.255.167",
              "20.82.255.171",
              "20.82.254.30",
              "20.82.255.159",
              "20.82.255.191",
              "20.82.254.162",
              "20.82.254.156",
              "20.82.254.69",
              "20.82.255.211",
              "20.82.255.231",
              "20.82.255.238",
              "20.82.255.249",
              "20.82.255.255",
              "20.50.64.27"
            ],
            "possible_outbound_ip_addresses": "20.82.254.214,20.82.254.221,20.82.254.235,20.82.254.240,20.82.254.248,20.82.253.47,20.82.255.14,20.82.255.18,20.82.255.22,20.82.255.26,20.82.254.161,20.82.255.47,20.82.255.51,20.82.255.56,20.82.255.101,20.82.255.129,20.82.255.139,20.82.255.167,20.82.255.171,20.82.254.30,20.82.255.159,20.82.255.191,20.82.254.162,20.82.254.156,20.82.254.69,20.82.255.211,20.82.255.231,20.82.255.238,20.82.255.249,20.82.255.255,20.50.64.27",
            "public_network_access_enabled": true,
            "resource_group_name": "customRG",
            "service_plan_id": "/subscriptions/6b1cd2e6-d8e6-49ca-a30e-6fadad07a1c4/resourceGroups/customRG/providers/Microsoft.Web/serverFarms/webapp-plan-svc",
            "site_config": [
              {
                "always_on": false,
                "api_definition_url": "",
                "api_management_api_id": "",
                "app_command_line": "",
                "application_stack": [
                  {
                    "current_stack": "node",
                    "docker_container_name": "",
                    "docker_container_registry": "",
                    "docker_container_tag": "",
                    "docker_image_name": "",
                    "docker_registry_password": "",
                    "docker_registry_url": "",
                    "docker_registry_username": "",
                    "dotnet_core_version": "",
                    "dotnet_version": "v4.0",
                    "java_container": "",
                    "java_container_version": "",
                    "java_embedded_server_enabled": false,
                    "java_version": "",
                    "node_version": "~18",
                    "php_version": "5.6",
                    "python": false,
                    "python_version": "",
                    "tomcat_version": ""
                  }
                ],
                "auto_heal_enabled": false,
                "auto_heal_setting": [],
                "container_registry_managed_identity_client_id": "",
                "container_registry_use_managed_identity": false,
                "cors": [],
                "default_documents": [
                  "Default.htm",
                  "Default.html",
                  "Default.asp",
                  "index.htm",
                  "index.html",
                  "iisstart.htm",
                  "default.aspx",
                  "index.php",
                  "hostingstart.html"
                ],
                "detailed_error_logging_enabled": false,
                "ftps_state": "Disabled",
                "handler_mapping": [],
                "health_check_eviction_time_in_min": 0,
                "health_check_path": "",
                "http2_enabled": false,
                "ip_restriction": [
                  {
                    "action": "Allow",
                    "description": "",
                    "headers": [],
                    "ip_address": "",
                    "name": "allow-only-gateway-access",
                    "priority": 100,
                    "service_tag": "",
                    "virtual_network_subnet_id": "/subscriptions/6b1cd2e6-d8e6-49ca-a30e-6fadad07a1c4/resourceGroups/customRG/providers/Microsoft.Network/virtualNetworks/customVNet/subnets/gateway_subnet"
                  }
                ],
                "ip_restriction_default_action": "Deny",
                "linux_fx_version": "",
                "load_balancing_mode": "LeastRequests",
                "local_mysql_enabled": false,
                "managed_pipeline_mode": "Integrated",
                "minimum_tls_version": "1.2",
                "remote_debugging_enabled": false,
                "remote_debugging_version": "VS2022",
                "scm_ip_restriction": [],
                "scm_ip_restriction_default_action": "Allow",
                "scm_minimum_tls_version": "1.2",
                "scm_type": "None",
                "scm_use_main_ip_restriction": false,
                "use_32_bit_worker": true,
                "virtual_application": [],
                "vnet_route_all_enabled": false,
                "websockets_enabled": false,
                "windows_fx_version": "",
                "worker_count": 1
              }
            ],
            "site_credential": [
              {
                "name": "$webapp-frontend-service",
                "password": "NgRYy06dntyAnjv8Mrlssu934wgLLqn5rN1d1XHRKgCTW0ZvFxMji6AajwKM"
              }
            ],
            "sticky_settings": [],
            "storage_account": [],
            "tags": {},
            "timeouts": null,
            "virtual_network_subnet_id": "",
            "webdeploy_publish_basic_authentication_enabled": true,
            "zip_deploy_file": ""
          },
          "sensitive_attributes": [
            [
              {
                "type": "get_attr",
                "value": "site_credential"
              }
            ],
            [
              {
                "type": "get_attr",
                "value": "custom_domain_verification_id"
              }
            ],
            [
              {
                "type": "get_attr",
                "value": "site_config"
              },
              {
                "type": "index",
                "value": {
                  "value": 0,
                  "type": "number"
                }
              },
              {
                "type": "get_attr",
                "value": "application_stack"
              },
              {
                "type": "index",
                "value": {
                  "value": 0,
                  "type": "number"
                }
              },
              {
                "type": "get_attr",
                "value": "docker_registry_password"
              }
            ]
          ],
          "private": "eyJlMmJmYjczMC1lY2FhLTExZTYtOGY4OC0zNDM2M2JjN2M0YzAiOnsiY3JlYXRlIjoxODAwMDAwMDAwMDAwLCJkZWxldGUiOjE4MDAwMDAwMDAwMDAsInJlYWQiOjMwMDAwMDAwMDAwMCwidXBkYXRlIjoxODAwMDAwMDAwMDAwfSwic2NoZW1hX3ZlcnNpb24iOiIxIn0=",
          "dependencies": [
            "data.azurerm_resource_group.rg",
            "module.app_service.data.azurerm_service_plan.existing",
            "module.virtual_network.azurerm_subnet.app_gateway",
            "module.virtual_network.azurerm_virtual_network.customVNet"
          ]
        }
      ]
    },
    {
      "module": "module.mysql_server",
      "mode": "managed",
      "type": "azurerm_mssql_database",
      "name": "database",
      "provider": "provider[\"registry.terraform.io/hashicorp/azurerm\"]",
      "instances": [
        {
          "schema_version": 1,
          "attributes": {
            "auto_pause_delay_in_minutes": 0,
            "collation": "SQL_Latin1_General_CP1_CI_AS",
            "create_mode": "Default",
            "creation_source_database_id": null,
            "elastic_pool_id": "",
            "enclave_type": "",
            "geo_backup_enabled": true,
            "id": "/subscriptions/6b1cd2e6-d8e6-49ca-a30e-6fadad07a1c4/resourceGroups/customRG/providers/Microsoft.Sql/servers/mysql-server11/databases/webapp",
            "identity": [],
            "import": [],
            "ledger_enabled": false,
            "license_type": "",
            "long_term_retention_policy": [
              {
                "immutable_backups_enabled": false,
                "monthly_retention": "PT0S",
                "week_of_year": 1,
                "weekly_retention": "PT0S",
                "yearly_retention": "PT0S"
              }
            ],
            "maintenance_configuration_name": "SQL_Default",
            "max_size_gb": 2,
            "min_capacity": 0,
            "name": "webapp",
            "read_replica_count": 0,
            "read_scale": false,
            "recover_database_id": null,
            "recovery_point_id": null,
            "restore_dropped_database_id": null,
            "restore_long_term_retention_backup_id": null,
            "restore_point_in_time": null,
            "sample_name": null,
            "secondary_type": "",
            "server_id": "/subscriptions/6b1cd2e6-d8e6-49ca-a30e-6fadad07a1c4/resourceGroups/customRG/providers/Microsoft.Sql/servers/mysql-server11",
            "short_term_retention_policy": [
              {
                "backup_interval_in_hours": 24,
                "retention_days": 7
              }
            ],
            "sku_name": "Basic",
            "storage_account_type": "Geo",
            "tags": {
              "environment": "dev",
              "source": "Terraform"
            },
            "threat_detection_policy": [
              {
                "disabled_alerts": [],
                "email_account_admins": "Disabled",
                "email_addresses": [],
                "retention_days": 0,
                "state": "Enabled",
                "storage_account_access_key": "",
                "storage_endpoint": ""
              }
            ],
            "timeouts": null,
            "transparent_data_encryption_enabled": true,
            "transparent_data_encryption_key_automatic_rotation_enabled": false,
            "transparent_data_encryption_key_vault_key_id": "",
            "zone_redundant": false
          },
          "sensitive_attributes": [
            [
              {
                "type": "get_attr",
                "value": "threat_detection_policy"
              },
              {
                "type": "index",
                "value": {
                  "value": 0,
                  "type": "number"
                }
              },
              {
                "type": "get_attr",
                "value": "storage_account_access_key"
              }
            ]
          ],
          "private": "eyJlMmJmYjczMC1lY2FhLTExZTYtOGY4OC0zNDM2M2JjN2M0YzAiOnsiY3JlYXRlIjozNjAwMDAwMDAwMDAwLCJkZWxldGUiOjM2MDAwMDAwMDAwMDAsInJlYWQiOjMwMDAwMDAwMDAwMCwidXBkYXRlIjozNjAwMDAwMDAwMDAwfSwic2NoZW1hX3ZlcnNpb24iOiIxIn0=",
          "dependencies": [
            "data.azurerm_resource_group.rg",
            "module.mysql_server.azurerm_mssql_server.mssqlServer"
          ]
        }
      ]
    },
    {
      "module": "module.mysql_server",
      "mode": "managed",
      "type": "azurerm_mssql_firewall_rule",
      "name": "fw-rule",
      "provider": "provider[\"registry.terraform.io/hashicorp/azurerm\"]",
      "instances": [
        {
          "schema_version": 0,
          "attributes": {
            "end_ip_address": "20.50.64.24",
            "id": "/subscriptions/6b1cd2e6-d8e6-49ca-a30e-6fadad07a1c4/resourceGroups/customRG/providers/Microsoft.Sql/servers/mysql-server11/firewallRules/allow-backend",
            "name": "allow-backend",
            "server_id": "/subscriptions/6b1cd2e6-d8e6-49ca-a30e-6fadad07a1c4/resourceGroups/customRG/providers/Microsoft.Sql/servers/mysql-server11",
            "start_ip_address": "20.50.64.24",
            "timeouts": null
          },
          "sensitive_attributes": [],
          "private": "eyJlMmJmYjczMC1lY2FhLTExZTYtOGY4OC0zNDM2M2JjN2M0YzAiOnsiY3JlYXRlIjoxODAwMDAwMDAwMDAwLCJkZWxldGUiOjE4MDAwMDAwMDAwMDAsInJlYWQiOjMwMDAwMDAwMDAwMCwidXBkYXRlIjoxODAwMDAwMDAwMDAwfX0=",
          "dependencies": [
            "data.azurerm_resource_group.rg",
            "module.mysql_server.azurerm_mssql_server.mssqlServer"
          ]
        }
      ]
    },
    {
      "module": "module.mysql_server",
      "mode": "managed",
      "type": "azurerm_mssql_server",
      "name": "mssqlServer",
      "provider": "provider[\"registry.terraform.io/hashicorp/azurerm\"]",
      "instances": [
        {
          "schema_version": 0,
          "attributes": {
            "administrator_login": "achref",
            "administrator_login_password": "Habli123@",
            "azuread_administrator": [],
            "connection_policy": "Default",
            "fully_qualified_domain_name": "mysql-server11.database.windows.net",
            "id": "/subscriptions/6b1cd2e6-d8e6-49ca-a30e-6fadad07a1c4/resourceGroups/customRG/providers/Microsoft.Sql/servers/mysql-server11",
            "identity": [],
            "location": "northeurope",
            "minimum_tls_version": "1.2",
            "name": "mysql-server11",
            "outbound_network_restriction_enabled": false,
            "primary_user_assigned_identity_id": "",
            "public_network_access_enabled": true,
            "resource_group_name": "customRG",
            "restorable_dropped_database_ids": [],
            "tags": {
              "environment": "dev",
              "source": "Terraform"
            },
            "timeouts": null,
            "transparent_data_encryption_key_vault_key_id": "",
            "version": "12.0"
          },
          "sensitive_attributes": [
            [
              {
                "type": "get_attr",
                "value": "administrator_login_password"
              }
            ]
          ],
          "private": "eyJlMmJmYjczMC1lY2FhLTExZTYtOGY4OC0zNDM2M2JjN2M0YzAiOnsiY3JlYXRlIjozNjAwMDAwMDAwMDAwLCJkZWxldGUiOjM2MDAwMDAwMDAwMDAsInJlYWQiOjMwMDAwMDAwMDAwMCwidXBkYXRlIjozNjAwMDAwMDAwMDAwfX0=",
          "dependencies": [
            "data.azurerm_resource_group.rg"
          ]
        }
      ]
    },
    {
      "module": "module.mysql_server",
      "mode": "managed",
      "type": "azurerm_mssql_server_transparent_data_encryption",
      "name": "data_encryption",
      "provider": "provider[\"registry.terraform.io/hashicorp/azurerm\"]",
      "instances": [
        {
          "schema_version": 1,
          "attributes": {
            "auto_rotation_enabled": false,
            "id": "/subscriptions/6b1cd2e6-d8e6-49ca-a30e-6fadad07a1c4/resourceGroups/customRG/providers/Microsoft.Sql/servers/mysql-server11/encryptionProtector/current",
            "key_vault_key_id": "",
            "managed_hsm_key_id": "",
            "server_id": "/subscriptions/6b1cd2e6-d8e6-49ca-a30e-6fadad07a1c4/resourceGroups/customRG/providers/Microsoft.Sql/servers/mysql-server11",
            "timeouts": null
          },
          "sensitive_attributes": [],
          "private": "eyJlMmJmYjczMC1lY2FhLTExZTYtOGY4OC0zNDM2M2JjN2M0YzAiOnsiY3JlYXRlIjoxODAwMDAwMDAwMDAwLCJkZWxldGUiOjE4MDAwMDAwMDAwMDAsInJlYWQiOjMwMDAwMDAwMDAwMCwidXBkYXRlIjoxODAwMDAwMDAwMDAwfSwic2NoZW1hX3ZlcnNpb24iOiIxIn0=",
          "dependencies": [
            "data.azurerm_resource_group.rg",
            "module.mysql_server.azurerm_mssql_server.mssqlServer"
          ]
        }
      ]
    },
    {
      "module": "module.virtual_network",
      "mode": "managed",
      "type": "azurerm_subnet",
      "name": "app_gateway",
      "provider": "provider[\"registry.terraform.io/hashicorp/azurerm\"]",
      "instances": [
        {
          "schema_version": 0,
          "attributes": {
            "address_prefixes": [
              "10.1.3.0/24"
            ],
            "default_outbound_access_enabled": true,
            "delegation": [],
            "enforce_private_link_endpoint_network_policies": false,
            "enforce_private_link_service_network_policies": false,
            "id": "/subscriptions/6b1cd2e6-d8e6-49ca-a30e-6fadad07a1c4/resourceGroups/customRG/providers/Microsoft.Network/virtualNetworks/customVNet/subnets/gateway_subnet",
            "name": "gateway_subnet",
            "private_endpoint_network_policies": "Enabled",
            "private_endpoint_network_policies_enabled": true,
            "private_link_service_network_policies_enabled": true,
            "resource_group_name": "customRG",
            "service_endpoint_policy_ids": [],
            "service_endpoints": [
              "Microsoft.Web"
            ],
            "timeouts": null,
            "virtual_network_name": "customVNet"
          },
          "sensitive_attributes": [],
          "private": "eyJlMmJmYjczMC1lY2FhLTExZTYtOGY4OC0zNDM2M2JjN2M0YzAiOnsiY3JlYXRlIjoxODAwMDAwMDAwMDAwLCJkZWxldGUiOjE4MDAwMDAwMDAwMDAsInJlYWQiOjMwMDAwMDAwMDAwMCwidXBkYXRlIjoxODAwMDAwMDAwMDAwfX0=",
          "dependencies": [
            "data.azurerm_resource_group.rg",
            "module.virtual_network.azurerm_virtual_network.customVNet"
          ]
        }
      ]
    },
    {
      "module": "module.virtual_network",
      "mode": "managed",
      "type": "azurerm_subnet",
      "name": "mysql_subnet",
      "provider": "provider[\"registry.terraform.io/hashicorp/azurerm\"]",
      "instances": [
        {
          "schema_version": 0,
          "attributes": {
            "address_prefixes": [
              "10.1.2.0/24"
            ],
            "default_outbound_access_enabled": true,
            "delegation": [
              {
                "name": "fs",
                "service_delegation": [
                  {
                    "actions": [
                      "Microsoft.Network/virtualNetworks/subnets/join/action"
                    ],
                    "name": "Microsoft.DBforMySQL/servers"
                  }
                ]
              }
            ],
            "enforce_private_link_endpoint_network_policies": false,
            "enforce_private_link_service_network_policies": false,
            "id": "/subscriptions/6b1cd2e6-d8e6-49ca-a30e-6fadad07a1c4/resourceGroups/customRG/providers/Microsoft.Network/virtualNetworks/customVNet/subnets/mysql_subnet",
            "name": "mysql_subnet",
            "private_endpoint_network_policies": "Enabled",
            "private_endpoint_network_policies_enabled": true,
            "private_link_service_network_policies_enabled": true,
            "resource_group_name": "customRG",
            "service_endpoint_policy_ids": [],
            "service_endpoints": [
              "Microsoft.Sql"
            ],
            "timeouts": null,
            "virtual_network_name": "customVNet"
          },
          "sensitive_attributes": [],
          "private": "eyJlMmJmYjczMC1lY2FhLTExZTYtOGY4OC0zNDM2M2JjN2M0YzAiOnsiY3JlYXRlIjoxODAwMDAwMDAwMDAwLCJkZWxldGUiOjE4MDAwMDAwMDAwMDAsInJlYWQiOjMwMDAwMDAwMDAwMCwidXBkYXRlIjoxODAwMDAwMDAwMDAwfX0=",
          "dependencies": [
            "data.azurerm_resource_group.rg",
            "module.virtual_network.azurerm_virtual_network.customVNet"
          ]
        }
      ]
    },
    {
      "module": "module.virtual_network",
      "mode": "managed",
      "type": "azurerm_subnet",
      "name": "webapp_subnet",
      "provider": "provider[\"registry.terraform.io/hashicorp/azurerm\"]",
      "instances": [
        {
          "schema_version": 0,
          "attributes": {
            "address_prefixes": [
              "10.1.1.0/24"
            ],
            "default_outbound_access_enabled": true,
            "delegation": [
              {
                "name": "fs",
                "service_delegation": [
                  {
                    "actions": [
                      "Microsoft.Network/virtualNetworks/subnets/action"
                    ],
                    "name": "Microsoft.Web/serverFarms"
                  }
                ]
              }
            ],
            "enforce_private_link_endpoint_network_policies": false,
            "enforce_private_link_service_network_policies": false,
            "id": "/subscriptions/6b1cd2e6-d8e6-49ca-a30e-6fadad07a1c4/resourceGroups/customRG/providers/Microsoft.Network/virtualNetworks/customVNet/subnets/webapp_subnet",
            "name": "webapp_subnet",
            "private_endpoint_network_policies": "Enabled",
            "private_endpoint_network_policies_enabled": true,
            "private_link_service_network_policies_enabled": true,
            "resource_group_name": "customRG",
            "service_endpoint_policy_ids": [],
            "service_endpoints": [],
            "timeouts": null,
            "virtual_network_name": "customVNet"
          },
          "sensitive_attributes": [],
          "private": "eyJlMmJmYjczMC1lY2FhLTExZTYtOGY4OC0zNDM2M2JjN2M0YzAiOnsiY3JlYXRlIjoxODAwMDAwMDAwMDAwLCJkZWxldGUiOjE4MDAwMDAwMDAwMDAsInJlYWQiOjMwMDAwMDAwMDAwMCwidXBkYXRlIjoxODAwMDAwMDAwMDAwfX0=",
          "dependencies": [
            "data.azurerm_resource_group.rg",
            "module.virtual_network.azurerm_virtual_network.customVNet"
          ]
        }
      ]
    },
    {
      "module": "module.virtual_network",
      "mode": "managed",
      "type": "azurerm_virtual_network",
      "name": "customVNet",
      "provider": "provider[\"registry.terraform.io/hashicorp/azurerm\"]",
      "instances": [
        {
          "schema_version": 0,
          "attributes": {
            "address_space": [
              "10.1.0.0/16"
            ],
            "bgp_community": "",
            "ddos_protection_plan": [],
            "dns_servers": [],
            "edge_zone": "",
            "encryption": [],
            "flow_timeout_in_minutes": 0,
            "guid": "11c25ec0-257a-4e69-9008-b00e7542fdf4",
            "id": "/subscriptions/6b1cd2e6-d8e6-49ca-a30e-6fadad07a1c4/resourceGroups/customRG/providers/Microsoft.Network/virtualNetworks/customVNet",
            "location": "northeurope",
            "name": "customVNet",
            "resource_group_name": "customRG",
            "subnet": [
              {
                "address_prefix": "10.1.1.0/24",
                "id": "/subscriptions/6b1cd2e6-d8e6-49ca-a30e-6fadad07a1c4/resourceGroups/customRG/providers/Microsoft.Network/virtualNetworks/customVNet/subnets/webapp_subnet",
                "name": "webapp_subnet",
                "security_group": ""
              },
              {
                "address_prefix": "10.1.2.0/24",
                "id": "/subscriptions/6b1cd2e6-d8e6-49ca-a30e-6fadad07a1c4/resourceGroups/customRG/providers/Microsoft.Network/virtualNetworks/customVNet/subnets/mysql_subnet",
                "name": "mysql_subnet",
                "security_group": ""
              },
              {
                "address_prefix": "10.1.3.0/24",
                "id": "/subscriptions/6b1cd2e6-d8e6-49ca-a30e-6fadad07a1c4/resourceGroups/customRG/providers/Microsoft.Network/virtualNetworks/customVNet/subnets/gateway_subnet",
                "name": "gateway_subnet",
                "security_group": ""
              }
            ],
            "tags": {},
            "timeouts": null
          },
          "sensitive_attributes": [],
          "private": "eyJlMmJmYjczMC1lY2FhLTExZTYtOGY4OC0zNDM2M2JjN2M0YzAiOnsiY3JlYXRlIjoxODAwMDAwMDAwMDAwLCJkZWxldGUiOjE4MDAwMDAwMDAwMDAsInJlYWQiOjMwMDAwMDAwMDAwMCwidXBkYXRlIjoxODAwMDAwMDAwMDAwfX0=",
          "dependencies": [
            "data.azurerm_resource_group.rg"
          ]
        }
      ]
    }
  ],
  "check_results": null
}
